<Solution>
  <Folder Name="/Task0/" />
  <Project Path="Tyuiu.RomashkinaPB.Sprint1.Task0.V8.Lib/Tyuiu.RomashkinaPB.Sprint1.Task0.V8.Lib.csproj" />
  <Project Path="Tyuiu.RomashkinaPB.Sprint1.Task0.V8.Test/Tyuiu.RomashkinaPB.Sprint1.Task0.V8.Test.csproj" />
  <Project Path="Tyuiu.RomashkinaPB.Sprint1.Task0.V8/Tyuiu.RomashkinaPB.Sprint1.Task0.V8.csproj" />
</Solution>
