<Solution>
  <Folder Name="/Task0/" />
  <Folder Name="/Task1/">
    <Project Path="Tyuiu.RomashkinaPB.Sprint1.Task1.V9.Lib/Tyuiu.RomashkinaPB.Sprint1.Task1.V9.Lib.csproj" Id="cf1466b1-522c-442c-b0dc-cad9b8646e19" />
    <Project Path="Tyuiu.RomashkinaPB.Sprint1.Task1.V9.Test/Tyuiu.RomashkinaPB.Sprint1.Task1.V9.Test.csproj" Id="a797a972-8e86-4b4d-aad6-d162330aa91b" />
    <Project Path="Tyuiu.RomashkinaPB.Sprint1.Task1.V9/Tyuiu.RomashkinaPB.Sprint1.Task1.V9.csproj" Id="63477118-8c51-4491-89c7-06c641672cc3" />
  </Folder>
  <Folder Name="/Task2/">
    <Project Path="Tyuiu.RomashkinaPB.Sprint1.Task2.V8.Lib/Tyuiu.RomashkinaPB.Sprint1.Task2.V8.Lib.csproj" Id="d3472eb6-3fab-462c-9b8e-62f850567a69" />
    <Project Path="Tyuiu.RomashkinaPB.Sprint1.Task2.V8.Test/Tyuiu.RomashkinaPB.Sprint1.Task2.V8.Test.csproj" Id="998361f7-412c-4c85-a562-f72bc752bc6d" />
    <Project Path="Tyuiu.RomashkinaPB.Sprint1.Task2.V8/Tyuiu.RomashkinaPB.Sprint1.Task2.V8.csproj" Id="572837f6-e12e-47bb-a560-85dd1227cffd" />
  </Folder>
  <Folder Name="/Task3/">
    <Project Path="Tyuiu.RomashkinaPB.Sprint1.Task3.V19.Lib/Tyuiu.RomashkinaPB.Sprint1.Task3.V19.Lib.csproj" Id="a2645da8-f481-461d-bd53-b5309aa9d5c9" />
    <Project Path="Tyuiu.RomashkinaPB.Sprint1.Task3.V19.Test/Tyuiu.RomashkinaPB.Sprint1.Task3.V19.Test.csproj" Id="b2452fd8-6aa1-4bd9-8b33-4149d0de6119" />
    <Project Path="Tyuiu.RomashkinaPB.Sprint1.Task3.V19/Tyuiu.RomashkinaPB.Sprint1.Task3.V19.csproj" Id="a6d79e4e-b50b-4d79-8f44-72ae307863db" />
  </Folder>
  <Folder Name="/Task4/">
    <Project Path="Tyuiu.RomashkinaPB.Sprint1.Task4.V21.Lib/Tyuiu.RomashkinaPB.Sprint1.Task4.V21.Lib.csproj" Id="509c3611-c663-4262-a699-ce9dfd692d9d" />
    <Project Path="Tyuiu.RomashkinaPB.Sprint1.Task4.V21.Test/Tyuiu.RomashkinaPB.Sprint1.Task4.V21.Test.csproj" Id="8da7e39a-78b1-4b14-bb5b-b8f521188492" />
    <Project Path="Tyuiu.RomashkinaPB.Sprint1.Task4.V21/Tyuiu.RomashkinaPB.Sprint1.Task4.V21.csproj" Id="b23d6e08-df42-4bbe-b62a-29ead8395de1" />
  </Folder>
  <Folder Name="/Task5/">
    <Project Path="Tyuiu.RomashkinaPB.Sprint1.Task5.V4.Lib/Tyuiu.RomashkinaPB.Sprint1.Task5.V4.Lib.csproj" Id="45b7a4b3-7231-467c-a514-6cd8fee1b206" />
    <Project Path="Tyuiu.RomashkinaPB.Sprint1.Task5.V4.Test/Tyuiu.RomashkinaPB.Sprint1.Task5.V4.Test.csproj" Id="ec6c0f3e-ece0-4d9b-bb38-4cc9dc60fd3b" />
    <Project Path="Tyuiu.RomashkinaPB.Sprint1.Task5.V4/Tyuiu.RomashkinaPB.Sprint1.Task5.V4.csproj" Id="d72b74fd-aa49-4246-aaed-7c94061e55d1" />
  </Folder>
  <Folder Name="/Task6/">
    <Project Path="Tyuiu.RomashkinaPB.Sprint1.Task6.V2.Lib/Tyuiu.RomashkinaPB.Sprint1.Task6.V2.Lib.csproj" Id="9a2592e6-bf06-410c-8451-f81a0d3340d7" />
    <Project Path="Tyuiu.RomashkinaPB.Sprint1.Task6.V2.Test/Tyuiu.RomashkinaPB.Sprint1.Task6.V2.Test.csproj" Id="7ff7fcc1-7fff-4638-b441-01639484f310" />
    <Project Path="Tyuiu.RomashkinaPB.Sprint1.Task6.V2/Tyuiu.RomashkinaPB.Sprint1.Task6.V2.csproj" Id="71f130e5-4ce0-415f-9b3a-287ac9611099" />
  </Folder>
  <Project Path="Tyuiu.RomashkinaPB.Sprint1.Task0.V8.Lib/Tyuiu.RomashkinaPB.Sprint1.Task0.V8.Lib.csproj" />
  <Project Path="Tyuiu.RomashkinaPB.Sprint1.Task0.V8.Test/Tyuiu.RomashkinaPB.Sprint1.Task0.V8.Test.csproj" />
  <Project Path="Tyuiu.RomashkinaPB.Sprint1.Task0.V8/Tyuiu.RomashkinaPB.Sprint1.Task0.V8.csproj" />
</Solution>
